{
    "_readme": [
        "This file locks the dependencies of your project to a known state",
        "Read more about it at https://getcomposer.org/doc/01-basic-usage.md#installing-dependencies",
        "This file is @generated automatically"
    ],
    "content-hash": "d16d9007e495607953a1b21819157c7c",
    "packages": [
        {
            "name": "zendframework/zend-code",
            "version": "2.6.2",
            "source": {
                "type": "git",
                "url": "https://github.com/zendframework/zend-code.git",
                "reference": "c4e8f976a772cfb14b47dabd69b5245a423082b4"
            },
            "dist": {
                "type": "zip",
                "url": "https://api.github.com/repos/zendframework/zend-code/zipball/c4e8f976a772cfb14b47dabd69b5245a423082b4",
                "reference": "c4e8f976a772cfb14b47dabd69b5245a423082b4",
                "shasum": ""
            },
            "require": {
                "php": ">=5.5",
                "zendframework/zend-eventmanager": "^2.6|^3.0"
            },
            "require-dev": {
                "doctrine/annotations": "~1.0",
                "fabpot/php-cs-fixer": "1.7.*",
                "phpunit/phpunit": "~4.0",
                "zendframework/zend-stdlib": "~2.7"
            },
            "suggest": {
                "doctrine/annotations": "Doctrine\\Common\\Annotations >=1.0 for annotation features",
                "zendframework/zend-stdlib": "Zend\\Stdlib component"
            },
            "type": "library",
            "extra": {
                "branch-alias": {
                    "dev-master": "2.6-dev",
                    "dev-develop": "2.7-dev"
                }
            },
            "autoload": {
                "psr-4": {
                    "Zend\\Code\\": "src/"
                }
            },
            "notification-url": "https://packagist.org/downloads/",
            "license": [
                "BSD-3-Clause"
            ],
            "description": "provides facilities to generate arbitrary code using an object oriented interface",
            "homepage": "https://github.com/zendframework/zend-code",
            "keywords": [
                "code",
                "zf2"
            ],
            "support": {
                "issues": "https://github.com/zendframework/zend-code/issues",
                "source": "https://github.com/zendframework/zend-code/tree/master"
            },
            "abandoned": "laminas/laminas-code",
            "time": "2016-01-05T05:58:37+00:00"
        },
        {
            "name": "zendframework/zend-escaper",
            "version": "2.5.2",
            "source": {
                "type": "git",
                "url": "https://github.com/zendframework/zend-escaper.git",
                "reference": "2dcd14b61a72d8b8e27d579c6344e12c26141d4e"
            },
            "dist": {
                "type": "zip",
                "url": "https://api.github.com/repos/zendframework/zend-escaper/zipball/2dcd14b61a72d8b8e27d579c6344e12c26141d4e",
                "reference": "2dcd14b61a72d8b8e27d579c6344e12c26141d4e",
                "shasum": ""
            },
            "require": {
                "php": ">=5.5"
            },
            "require-dev": {
                "fabpot/php-cs-fixer": "1.7.*",
                "phpunit/phpunit": "~4.0"
            },
            "type": "library",
            "extra": {
                "branch-alias": {
                    "dev-master": "2.5-dev",
                    "dev-develop": "2.6-dev"
                }
            },
            "autoload": {
                "psr-4": {
                    "Zend\\Escaper\\": "src/"
                }
            },
            "notification-url": "https://packagist.org/downloads/",
            "license": [
                "BSD-3-Clause"
            ],
            "homepage": "https://github.com/zendframework/zend-escaper",
            "keywords": [
                "escaper",
                "zf2"
            ],
            "support": {
                "issues": "https://github.com/zendframework/zend-escaper/issues",
                "source": "https://github.com/zendframework/zend-escaper/tree/master"
            },
            "abandoned": "laminas/laminas-escaper",
            "time": "2016-06-30T19:48:38+00:00"
        },
        {
            "name": "zendframework/zend-eventmanager",
            "version": "2.6.2",
            "source": {
                "type": "git",
                "url": "https://github.com/zendframework/zend-eventmanager.git",
                "reference": "b4354f75f694504d32e7d080641854f830acb865"
            },
            "dist": {
                "type": "zip",
                "url": "https://api.github.com/repos/zendframework/zend-eventmanager/zipball/b4354f75f694504d32e7d080641854f830acb865",
                "reference": "b4354f75f694504d32e7d080641854f830acb865",
                "shasum": ""
            },
            "require": {
                "php": ">=5.5",
                "zendframework/zend-stdlib": "~2.5"
            },
            "require-dev": {
                "athletic/athletic": "dev-master",
                "fabpot/php-cs-fixer": "1.7.*",
                "phpunit/phpunit": "~4.0"
            },
            "type": "library",
            "extra": {
                "branch-alias": {
                    "dev-master": "2.6-dev",
                    "dev-develop": "3.0-dev"
                }
            },
            "autoload": {
                "psr-4": {
                    "Zend\\EventManager\\": "src/"
                }
            },
            "notification-url": "https://packagist.org/downloads/",
            "license": [
                "BSD-3-Clause"
            ],
            "homepage": "https://github.com/zendframework/zend-eventmanager",
            "keywords": [
                "eventmanager",
                "zf2"
            ],
            "support": {
                "issues": "https://github.com/zendframework/zend-eventmanager/issues",
                "source": "https://github.com/zendframework/zend-eventmanager/tree/master"
            },
            "abandoned": "laminas/laminas-eventmanager",
            "time": "2016-01-12T23:08:36+00:00"
        },
        {
            "name": "zendframework/zend-hydrator",
            "version": "1.0.0",
            "source": {
                "type": "git",
                "url": "https://github.com/zendframework/zend-hydrator.git",
                "reference": "f3ed8b833355140350bbed98d8a7b8b66875903f"
            },
            "dist": {
                "type": "zip",
                "url": "https://api.github.com/repos/zendframework/zend-hydrator/zipball/f3ed8b833355140350bbed98d8a7b8b66875903f",
                "reference": "f3ed8b833355140350bbed98d8a7b8b66875903f",
                "shasum": ""
            },
            "require": {
                "php": ">=5.5",
                "zendframework/zend-stdlib": "^2.5.1"
            },
            "require-dev": {
                "phpunit/phpunit": "~4.0",
                "squizlabs/php_codesniffer": "^2.0@dev",
                "zendframework/zend-eventmanager": "^2.5.1",
                "zendframework/zend-filter": "^2.5.1",
                "zendframework/zend-inputfilter": "^2.5.1",
                "zendframework/zend-serializer": "^2.5.1",
                "zendframework/zend-servicemanager": "^2.5.1"
            },
            "suggest": {
                "zendframework/zend-eventmanager": "^2.5.1, to support aggregate hydrator usage",
                "zendframework/zend-filter": "^2.5.1, to support naming strategy hydrator usage",
                "zendframework/zend-serializer": "^2.5.1, to use the SerializableStrategy",
                "zendframework/zend-servicemanager": "^2.5.1, to support hydrator plugin manager usage"
            },
            "type": "library",
            "extra": {
                "branch-alias": {
                    "dev-master": "1.0-dev",
                    "dev-develop": "1.1-dev"
                }
            },
            "autoload": {
                "psr-4": {
                    "Zend\\Hydrator\\": "src/"
                }
            },
            "notification-url": "https://packagist.org/downloads/",
            "license": [
                "BSD-3-Clause"
            ],
            "homepage": "https://github.com/zendframework/zend-hydrator",
            "keywords": [
                "hydrator",
                "zf2"
            ],
            "support": {
                "issues": "https://github.com/zendframework/zend-hydrator/issues",
                "source": "https://github.com/zendframework/zend-hydrator/tree/master"
            },
            "abandoned": "laminas/laminas-hydrator",
            "time": "2015-09-17T14:06:43+00:00"
        },
        {
            "name": "zendframework/zend-server",
            "version": "2.5.1",
            "source": {
                "type": "git",
                "url": "https://github.com/zendframework/zend-server.git",
                "reference": "560289d8e760d3783238644da83eebdff53be2c7"
            },
            "dist": {
                "type": "zip",
                "url": "https://api.github.com/repos/zendframework/zend-server/zipball/560289d8e760d3783238644da83eebdff53be2c7",
                "reference": "560289d8e760d3783238644da83eebdff53be2c7",
                "shasum": ""
            },
            "require": {
                "php": ">=5.3.23",
                "zendframework/zend-code": "~2.5",
                "zendframework/zend-stdlib": "~2.5"
            },
            "require-dev": {
                "fabpot/php-cs-fixer": "1.7.*",
                "phpunit/phpunit": "~4.0"
            },
            "type": "library",
            "extra": {
                "branch-alias": {
                    "dev-master": "2.5-dev",
                    "dev-develop": "2.6-dev"
                }
            },
            "autoload": {
                "psr-4": {
                    "Zend\\Server\\": "src/"
                }
            },
            "notification-url": "https://packagist.org/downloads/",
            "license": [
                "BSD-3-Clause"
            ],
            "homepage": "https://github.com/zendframework/zend-server",
            "keywords": [
                "server",
                "zf2"
            ],
            "support": {
                "issues": "https://github.com/zendframework/zend-server/issues",
                "source": "https://github.com/zendframework/zend-server/tree/release-2.5.1"
            },
            "abandoned": "laminas/laminas-server",
            "time": "2015-06-03T15:32:02+00:00"
        },
        {
            "name": "zendframework/zend-soap",
            "version": "2.5.1",
            "source": {
                "type": "git",
                "url": "https://github.com/zendframework/zend-soap.git",
                "reference": "7e59bb1719ac57b940a62ce34f3b26100dc64992"
            },
            "dist": {
                "type": "zip",
                "url": "https://api.github.com/repos/zendframework/zend-soap/zipball/7e59bb1719ac57b940a62ce34f3b26100dc64992",
                "reference": "7e59bb1719ac57b940a62ce34f3b26100dc64992",
                "shasum": ""
            },
            "require": {
                "php": ">=5.3.23",
                "zendframework/zend-server": "~2.5",
                "zendframework/zend-stdlib": "~2.5",
                "zendframework/zend-uri": "~2.5"
            },
            "require-dev": {
                "fabpot/php-cs-fixer": "1.7.*",
                "phpunit/phpunit": "~4.0",
                "zendframework/zend-config": "~2.5",
                "zendframework/zend-http": "~2.5"
            },
            "suggest": {
                "zendframework/zend-http": "Zend\\Http component"
            },
            "type": "library",
            "extra": {
                "branch-alias": {
                    "dev-master": "2.5-dev",
                    "dev-develop": "2.6-dev"
                }
            },
            "autoload": {
                "psr-4": {
                    "Zend\\Soap\\": "src/"
                }
            },
            "notification-url": "https://packagist.org/downloads/",
            "license": [
                "BSD-3-Clause"
            ],
            "homepage": "https://github.com/zendframework/zend-soap",
            "keywords": [
                "soap",
                "zf2"
            ],
            "support": {
                "issues": "https://github.com/zendframework/zend-soap/issues",
                "source": "https://github.com/zendframework/zend-soap/tree/release-2.5.1"
            },
            "abandoned": "laminas/laminas-soap",
            "time": "2015-06-03T15:32:03+00:00"
        },
        {
            "name": "zendframework/zend-stdlib",
            "version": "2.7.4",
            "source": {
                "type": "git",
                "url": "https://github.com/zendframework/zend-stdlib.git",
                "reference": "cae029346a33663b998507f94962eb27de060683"
            },
            "dist": {
                "type": "zip",
                "url": "https://api.github.com/repos/zendframework/zend-stdlib/zipball/cae029346a33663b998507f94962eb27de060683",
                "reference": "cae029346a33663b998507f94962eb27de060683",
                "shasum": ""
            },
            "require": {
                "php": ">=5.5",
                "zendframework/zend-hydrator": "~1.0"
            },
            "require-dev": {
                "athletic/athletic": "~0.1",
                "fabpot/php-cs-fixer": "1.7.*",
                "phpunit/phpunit": "~4.0",
                "zendframework/zend-config": "~2.5",
                "zendframework/zend-eventmanager": "~2.5",
                "zendframework/zend-filter": "~2.5",
                "zendframework/zend-inputfilter": "~2.5",
                "zendframework/zend-serializer": "~2.5",
                "zendframework/zend-servicemanager": "~2.5"
            },
            "suggest": {
                "zendframework/zend-eventmanager": "To support aggregate hydrator usage",
                "zendframework/zend-filter": "To support naming strategy hydrator usage",
                "zendframework/zend-serializer": "Zend\\Serializer component",
                "zendframework/zend-servicemanager": "To support hydrator plugin manager usage"
            },
            "type": "library",
            "extra": {
                "branch-alias": {
                    "dev-master": "2.7-dev",
                    "dev-develop": "2.8-dev"
                }
            },
            "autoload": {
                "psr-4": {
                    "Zend\\Stdlib\\": "src/"
                }
            },
            "notification-url": "https://packagist.org/downloads/",
            "license": [
                "BSD-3-Clause"
            ],
            "homepage": "https://github.com/zendframework/zend-stdlib",
            "keywords": [
                "stdlib",
                "zf2"
            ],
            "support": {
                "issues": "https://github.com/zendframework/zend-stdlib/issues",
                "source": "https://github.com/zendframework/zend-stdlib/tree/release-2.7.4"
            },
            "abandoned": "laminas/laminas-stdlib",
            "time": "2015-10-15T15:57:32+00:00"
        },
        {
            "name": "zendframework/zend-uri",
            "version": "2.5.1",
            "source": {
                "type": "git",
                "url": "https://github.com/zendframework/zend-uri.git",
                "reference": "fe6c7f4c8d9037fe551898a538a2b6d39483f572"
            },
            "dist": {
                "type": "zip",
                "url": "https://api.github.com/repos/zendframework/zend-uri/zipball/fe6c7f4c8d9037fe551898a538a2b6d39483f572",
                "reference": "fe6c7f4c8d9037fe551898a538a2b6d39483f572",
                "shasum": ""
            },
            "require": {
                "php": ">=5.3.23",
                "zendframework/zend-escaper": "~2.5",
                "zendframework/zend-validator": "~2.5"
            },
            "require-dev": {
                "fabpot/php-cs-fixer": "1.7.*",
                "phpunit/phpunit": "~4.0"
            },
            "type": "library",
            "extra": {
                "branch-alias": {
                    "dev-master": "2.5-dev",
                    "dev-develop": "2.6-dev"
                }
            },
            "autoload": {
                "psr-4": {
                    "Zend\\Uri\\": "src/"
                }
            },
            "notification-url": "https://packagist.org/downloads/",
            "license": [
                "BSD-3-Clause"
            ],
            "description": "a component that aids in manipulating and validating » Uniform Resource Identifiers (URIs)",
            "homepage": "https://github.com/zendframework/zend-uri",
            "keywords": [
                "uri",
                "zf2"
            ],
            "support": {
                "issues": "https://github.com/zendframework/zend-uri/issues",
                "source": "https://github.com/zendframework/zend-uri/tree/release-2.5.1"
            },
            "abandoned": "laminas/laminas-uri",
            "time": "2015-06-03T15:32:03+00:00"
        },
        {
            "name": "zendframework/zend-validator",
            "version": "2.5.3",
            "source": {
                "type": "git",
                "url": "https://github.com/zendframework/zend-validator.git",
                "reference": "53e567a58c8952a03da0b8edf0f075303a5ac5d1"
            },
            "dist": {
                "type": "zip",
                "url": "https://api.github.com/repos/zendframework/zend-validator/zipball/53e567a58c8952a03da0b8edf0f075303a5ac5d1",
                "reference": "53e567a58c8952a03da0b8edf0f075303a5ac5d1",
                "shasum": ""
            },
            "require": {
                "php": ">=5.5",
                "zendframework/zend-stdlib": "~2.5"
            },
            "require-dev": {
                "fabpot/php-cs-fixer": "1.7.*",
                "phpunit/phpunit": "~4.0",
                "zendframework/zend-cache": "~2.5",
                "zendframework/zend-config": "~2.5",
                "zendframework/zend-db": "~2.5",
                "zendframework/zend-filter": "~2.5",
                "zendframework/zend-http": "~2.5",
                "zendframework/zend-i18n": "~2.5",
                "zendframework/zend-math": "~2.5",
                "zendframework/zend-servicemanager": "~2.5",
                "zendframework/zend-session": "~2.5",
                "zendframework/zend-uri": "~2.5"
            },
            "suggest": {
                "zendframework/zend-db": "Zend\\Db component",
                "zendframework/zend-filter": "Zend\\Filter component, required by the Digits validator",
                "zendframework/zend-i18n": "Zend\\I18n component to allow translation of validation error messages as well as to use the various Date validators",
                "zendframework/zend-i18n-resources": "Translations of validator messages",
                "zendframework/zend-math": "Zend\\Math component",
                "zendframework/zend-servicemanager": "Zend\\ServiceManager component to allow using the ValidatorPluginManager and validator chains",
                "zendframework/zend-session": "Zend\\Session component",
                "zendframework/zend-uri": "Zend\\Uri component, required by the Uri and Sitemap\\Loc validators"
            },
            "type": "library",
            "extra": {
                "branch-alias": {
                    "dev-master": "2.5-dev",
                    "dev-develop": "2.6-dev"
                }
            },
            "autoload": {
                "psr-4": {
                    "Zend\\Validator\\": "src/"
                }
            },
            "notification-url": "https://packagist.org/downloads/",
            "license": [
                "BSD-3-Clause"
            ],
            "description": "provides a set of commonly needed validators",
            "homepage": "https://github.com/zendframework/zend-validator",
            "keywords": [
                "validator",
                "zf2"
            ],
            "support": {
                "issues": "https://github.com/zendframework/zend-validator/issues",
                "source": "https://github.com/zendframework/zend-validator/tree/release-2.5.3"
            },
            "abandoned": "laminas/laminas-validator",
            "time": "2015-09-03T19:06:11+00:00"
        }
    ],
    "packages-dev": [],
    "aliases": [],
    "minimum-stability": "stable",
    "stability-flags": {},
    "prefer-stable": false,
    "prefer-lowest": false,
    "platform": {},
    "platform-dev": {},
    "plugin-api-version": "2.6.0"
}
